// !$*UTF8*$!
{
	archiveVersion = 1;
	classes = {
	};
	objectVersion = 56;
	objects = {

/* Begin PBXBuildFile section */
		89836092298BDB3F001511C4 /* AppDelegate.swift in Sources */ = {isa = PBXBuildFile; fileRef = 89836091298BDB3F001511C4 /* AppDelegate.swift */; };
		89836094298BDB3F001511C4 /* SceneDelegate.swift in Sources */ = {isa = PBXBuildFile; fileRef = 89836093298BDB3F001511C4 /* SceneDelegate.swift */; };
		89836096298BDB3F001511C4 /* RMTabViewController.swift in Sources */ = {isa = PBXBuildFile; fileRef = 89836095298BDB3F001511C4 /* RMTabViewController.swift */; };
		8983609B298BDB41001511C4 /* Assets.xcassets in Resources */ = {isa = PBXBuildFile; fileRef = 8983609A298BDB41001511C4 /* Assets.xcassets */; };
		8983609E298BDB41001511C4 /* LaunchScreen.storyboard in Resources */ = {isa = PBXBuildFile; fileRef = 8983609C298BDB41001511C4 /* LaunchScreen.storyboard */; };
		898360AD298BDDD3001511C4 /* RMLocation.swift in Sources */ = {isa = PBXBuildFile; fileRef = 898360AC298BDDD3001511C4 /* RMLocation.swift */; };
		898360AF298BDDF3001511C4 /* RMCharacter.swift in Sources */ = {isa = PBXBuildFile; fileRef = 898360AE298BDDF3001511C4 /* RMCharacter.swift */; };
		898360B1298BDDF9001511C4 /* RMEpisode.swift in Sources */ = {isa = PBXBuildFile; fileRef = 898360B0298BDDF9001511C4 /* RMEpisode.swift */; };
		898360B4298BDE90001511C4 /* RMCharacterViewController.swift in Sources */ = {isa = PBXBuildFile; fileRef = 898360B3298BDE90001511C4 /* RMCharacterViewController.swift */; };
		898360B6298BDEA5001511C4 /* RMLocationViewController.swift in Sources */ = {isa = PBXBuildFile; fileRef = 898360B5298BDEA5001511C4 /* RMLocationViewController.swift */; };
		898360B8298BDEB2001511C4 /* RMEpisodeViewController.swift in Sources */ = {isa = PBXBuildFile; fileRef = 898360B7298BDEB2001511C4 /* RMEpisodeViewController.swift */; };
		898360BA298BDEC7001511C4 /* RMSettingsViewController.swift in Sources */ = {isa = PBXBuildFile; fileRef = 898360B9298BDEC7001511C4 /* RMSettingsViewController.swift */; };
		89FDDCD5298BEC3000DDD0E9 /* RMService.swift in Sources */ = {isa = PBXBuildFile; fileRef = 89FDDCD4298BEC3000DDD0E9 /* RMService.swift */; };
		89FDDCD7298BEC3E00DDD0E9 /* RMRequest.swift in Sources */ = {isa = PBXBuildFile; fileRef = 89FDDCD6298BEC3E00DDD0E9 /* RMRequest.swift */; };
		89FDDCD9298BECC800DDD0E9 /* RMEndpoint.swift in Sources */ = {isa = PBXBuildFile; fileRef = 89FDDCD8298BECC800DDD0E9 /* RMEndpoint.swift */; };
		89FDDCDB298BF24200DDD0E9 /* RMOrigin.swift in Sources */ = {isa = PBXBuildFile; fileRef = 89FDDCDA298BF24200DDD0E9 /* RMOrigin.swift */; };
		89FDDCDD298BF2C200DDD0E9 /* RMSingleLocation.swift in Sources */ = {isa = PBXBuildFile; fileRef = 89FDDCDC298BF2C200DDD0E9 /* RMSingleLocation.swift */; };
		89FDDCDF298BF3AF00DDD0E9 /* RMCharacterStatus.swift in Sources */ = {isa = PBXBuildFile; fileRef = 89FDDCDE298BF3AF00DDD0E9 /* RMCharacterStatus.swift */; };
		89FDDCE1298BF3F600DDD0E9 /* RMCharacterGender.swift in Sources */ = {isa = PBXBuildFile; fileRef = 89FDDCE0298BF3F600DDD0E9 /* RMCharacterGender.swift */; };
/* End PBXBuildFile section */

/* Begin PBXFileReference section */
		8983608E298BDB3F001511C4 /* Rick_And_Morty.app */ = {isa = PBXFileReference; explicitFileType = wrapper.application; includeInIndex = 0; path = Rick_And_Morty.app; sourceTree = BUILT_PRODUCTS_DIR; };
		89836091298BDB3F001511C4 /* AppDelegate.swift */ = {isa = PBXFileReference; lastKnownFileType = sourcecode.swift; path = AppDelegate.swift; sourceTree = "<group>"; };
		89836093298BDB3F001511C4 /* SceneDelegate.swift */ = {isa = PBXFileReference; lastKnownFileType = sourcecode.swift; path = SceneDelegate.swift; sourceTree = "<group>"; };
		89836095298BDB3F001511C4 /* RMTabViewController.swift */ = {isa = PBXFileReference; lastKnownFileType = sourcecode.swift; path = RMTabViewController.swift; sourceTree = "<group>"; };
		8983609A298BDB41001511C4 /* Assets.xcassets */ = {isa = PBXFileReference; lastKnownFileType = folder.assetcatalog; path = Assets.xcassets; sourceTree = "<group>"; };
		8983609D298BDB41001511C4 /* Base */ = {isa = PBXFileReference; lastKnownFileType = file.storyboard; name = Base; path = Base.lproj/LaunchScreen.storyboard; sourceTree = "<group>"; };
		8983609F298BDB41001511C4 /* Info.plist */ = {isa = PBXFileReference; lastKnownFileType = text.plist.xml; path = Info.plist; sourceTree = "<group>"; };
		898360AC298BDDD3001511C4 /* RMLocation.swift */ = {isa = PBXFileReference; lastKnownFileType = sourcecode.swift; path = RMLocation.swift; sourceTree = "<group>"; };
		898360AE298BDDF3001511C4 /* RMCharacter.swift */ = {isa = PBXFileReference; lastKnownFileType = sourcecode.swift; path = RMCharacter.swift; sourceTree = "<group>"; };
		898360B0298BDDF9001511C4 /* RMEpisode.swift */ = {isa = PBXFileReference; lastKnownFileType = sourcecode.swift; path = RMEpisode.swift; sourceTree = "<group>"; };
		898360B3298BDE90001511C4 /* RMCharacterViewController.swift */ = {isa = PBXFileReference; lastKnownFileType = sourcecode.swift; path = RMCharacterViewController.swift; sourceTree = "<group>"; };
		898360B5298BDEA5001511C4 /* RMLocationViewController.swift */ = {isa = PBXFileReference; lastKnownFileType = sourcecode.swift; path = RMLocationViewController.swift; sourceTree = "<group>"; };
		898360B7298BDEB2001511C4 /* RMEpisodeViewController.swift */ = {isa = PBXFileReference; lastKnownFileType = sourcecode.swift; path = RMEpisodeViewController.swift; sourceTree = "<group>"; };
		898360B9298BDEC7001511C4 /* RMSettingsViewController.swift */ = {isa = PBXFileReference; lastKnownFileType = sourcecode.swift; path = RMSettingsViewController.swift; sourceTree = "<group>"; };
		89FDDCD4298BEC3000DDD0E9 /* RMService.swift */ = {isa = PBXFileReference; lastKnownFileType = sourcecode.swift; path = RMService.swift; sourceTree = "<group>"; };
		89FDDCD6298BEC3E00DDD0E9 /* RMRequest.swift */ = {isa = PBXFileReference; lastKnownFileType = sourcecode.swift; path = RMRequest.swift; sourceTree = "<group>"; };
		89FDDCD8298BECC800DDD0E9 /* RMEndpoint.swift */ = {isa = PBXFileReference; lastKnownFileType = sourcecode.swift; path = RMEndpoint.swift; sourceTree = "<group>"; };
		89FDDCDA298BF24200DDD0E9 /* RMOrigin.swift */ = {isa = PBXFileReference; lastKnownFileType = sourcecode.swift; path = RMOrigin.swift; sourceTree = "<group>"; };
		89FDDCDC298BF2C200DDD0E9 /* RMSingleLocation.swift */ = {isa = PBXFileReference; lastKnownFileType = sourcecode.swift; path = RMSingleLocation.swift; sourceTree = "<group>"; };
		89FDDCDE298BF3AF00DDD0E9 /* RMCharacterStatus.swift */ = {isa = PBXFileReference; lastKnownFileType = sourcecode.swift; path = RMCharacterStatus.swift; sourceTree = "<group>"; };
		89FDDCE0298BF3F600DDD0E9 /* RMCharacterGender.swift */ = {isa = PBXFileReference; lastKnownFileType = sourcecode.swift; path = RMCharacterGender.swift; sourceTree = "<group>"; };
/* End PBXFileReference section */

/* Begin PBXFrameworksBuildPhase section */
		8983608B298BDB3F001511C4 /* Frameworks */ = {
			isa = PBXFrameworksBuildPhase;
			buildActionMask = 2147483647;
			files = (
			);
			runOnlyForDeploymentPostprocessing = 0;
		};
/* End PBXFrameworksBuildPhase section */

/* Begin PBXGroup section */
		89836085298BDB3F001511C4 = {
			isa = PBXGroup;
			children = (
				89836090298BDB3F001511C4 /* Rick_And_Morty */,
				8983608F298BDB3F001511C4 /* Products */,
			);
			sourceTree = "<group>";
		};
		8983608F298BDB3F001511C4 /* Products */ = {
			isa = PBXGroup;
			children = (
				8983608E298BDB3F001511C4 /* Rick_And_Morty.app */,
			);
			name = Products;
			sourceTree = "<group>";
		};
		89836090298BDB3F001511C4 /* Rick_And_Morty */ = {
			isa = PBXGroup;
			children = (
				898360AA298BDD55001511C4 /* Resources */,
				898360A9298BDD2A001511C4 /* APIclient */,
				898360A8298BDD1F001511C4 /* ViewModels */,
				898360A7298BDD16001511C4 /* Views */,
				898360A6298BDD0F001511C4 /* Models */,
				898360A5298BDD04001511C4 /* Controllers */,
				8983609F298BDB41001511C4 /* Info.plist */,
			);
			path = Rick_And_Morty;
			sourceTree = "<group>";
		};
		898360A5298BDD04001511C4 /* Controllers */ = {
			isa = PBXGroup;
			children = (
				898360B2298BDE57001511C4 /* Core */,
			);
			path = Controllers;
			sourceTree = "<group>";
		};
		898360A6298BDD0F001511C4 /* Models */ = {
			isa = PBXGroup;
			children = (
				898360AE298BDDF3001511C4 /* RMCharacter.swift */,
				898360AC298BDDD3001511C4 /* RMLocation.swift */,
				898360B0298BDDF9001511C4 /* RMEpisode.swift */,
				89FDDCDE298BF3AF00DDD0E9 /* RMCharacterStatus.swift */,
				89FDDCE0298BF3F600DDD0E9 /* RMCharacterGender.swift */,
				89FDDCDC298BF2C200DDD0E9 /* RMSingleLocation.swift */,
				89FDDCDA298BF24200DDD0E9 /* RMOrigin.swift */,
			);
			path = Models;
			sourceTree = "<group>";
		};
		898360A7298BDD16001511C4 /* Views */ = {
			isa = PBXGroup;
			children = (
			);
			path = Views;
			sourceTree = "<group>";
		};
		898360A8298BDD1F001511C4 /* ViewModels */ = {
			isa = PBXGroup;
			children = (
			);
			path = ViewModels;
			sourceTree = "<group>";
		};
		898360A9298BDD2A001511C4 /* APIclient */ = {
			isa = PBXGroup;
			children = (
				89FDDCD4298BEC3000DDD0E9 /* RMService.swift */,
				89FDDCD6298BEC3E00DDD0E9 /* RMRequest.swift */,
				89FDDCD8298BECC800DDD0E9 /* RMEndpoint.swift */,
			);
			path = APIclient;
			sourceTree = "<group>";
		};
		898360AA298BDD55001511C4 /* Resources */ = {
			isa = PBXGroup;
			children = (
				8983609A298BDB41001511C4 /* Assets.xcassets */,
				8983609C298BDB41001511C4 /* LaunchScreen.storyboard */,
				89836091298BDB3F001511C4 /* AppDelegate.swift */,
				89836093298BDB3F001511C4 /* SceneDelegate.swift */,
			);
			path = Resources;
			sourceTree = "<group>";
		};
		898360B2298BDE57001511C4 /* Core */ = {
			isa = PBXGroup;
			children = (
				89836095298BDB3F001511C4 /* RMTabViewController.swift */,
				898360B3298BDE90001511C4 /* RMCharacterViewController.swift */,
				898360B5298BDEA5001511C4 /* RMLocationViewController.swift */,
				898360B7298BDEB2001511C4 /* RMEpisodeViewController.swift */,
				898360B9298BDEC7001511C4 /* RMSettingsViewController.swift */,
			);
			path = Core;
			sourceTree = "<group>";
		};
/* End PBXGroup section */

/* Begin PBXNativeTarget section */
		8983608D298BDB3F001511C4 /* Rick_And_Morty */ = {
			isa = PBXNativeTarget;
			buildConfigurationList = 898360A2298BDB41001511C4 /* Build configuration list for PBXNativeTarget "Rick_And_Morty" */;
			buildPhases = (
				8983608A298BDB3F001511C4 /* Sources */,
				8983608B298BDB3F001511C4 /* Frameworks */,
				8983608C298BDB3F001511C4 /* Resources */,
			);
			buildRules = (
			);
			dependencies = (
			);
			name = Rick_And_Morty;
			productName = Rick_And_Morty;
			productReference = 8983608E298BDB3F001511C4 /* Rick_And_Morty.app */;
			productType = "com.apple.product-type.application";
		};
/* End PBXNativeTarget section */

/* Begin PBXProject section */
		89836086298BDB3F001511C4 /* Project object */ = {
			isa = PBXProject;
			attributes = {
				BuildIndependentTargetsInParallel = 1;
				LastSwiftUpdateCheck = 1400;
				LastUpgradeCheck = 1400;
				TargetAttributes = {
					8983608D298BDB3F001511C4 = {
						CreatedOnToolsVersion = 14.0.1;
					};
				};
			};
			buildConfigurationList = 89836089298BDB3F001511C4 /* Build configuration list for PBXProject "Rick_And_Morty" */;
			compatibilityVersion = "Xcode 14.0";
			developmentRegion = en;
			hasScannedForEncodings = 0;
			knownRegions = (
				en,
				Base,
			);
			mainGroup = 89836085298BDB3F001511C4;
			productRefGroup = 8983608F298BDB3F001511C4 /* Products */;
			projectDirPath = "";
			projectRoot = "";
			targets = (
				8983608D298BDB3F001511C4 /* Rick_And_Morty */,
			);
		};
/* End PBXProject section */

/* Begin PBXResourcesBuildPhase section */
		8983608C298BDB3F001511C4 /* Resources */ = {
			isa = PBXResourcesBuildPhase;
			buildActionMask = 2147483647;
			files = (
				8983609E298BDB41001511C4 /* LaunchScreen.storyboard in Resources */,
				8983609B298BDB41001511C4 /* Assets.xcassets in Resources */,
			);
			runOnlyForDeploymentPostprocessing = 0;
		};
/* End PBXResourcesBuildPhase section */

/* Begin PBXSourcesBuildPhase section */
		8983608A298BDB3F001511C4 /* Sources */ = {
			isa = PBXSourcesBuildPhase;
			buildActionMask = 2147483647;
			files = (
				89FDDCDB298BF24200DDD0E9 /* RMOrigin.swift in Sources */,
				89FDDCDD298BF2C200DDD0E9 /* RMSingleLocation.swift in Sources */,
				89FDDCDF298BF3AF00DDD0E9 /* RMCharacterStatus.swift in Sources */,
				89FDDCE1298BF3F600DDD0E9 /* RMCharacterGender.swift in Sources */,
				898360B6298BDEA5001511C4 /* RMLocationViewController.swift in Sources */,
				898360B1298BDDF9001511C4 /* RMEpisode.swift in Sources */,
				89FDDCD7298BEC3E00DDD0E9 /* RMRequest.swift in Sources */,
				89836096298BDB3F001511C4 /* RMTabViewController.swift in Sources */,
				898360B8298BDEB2001511C4 /* RMEpisodeViewController.swift in Sources */,
				89836092298BDB3F001511C4 /* AppDelegate.swift in Sources */,
				898360AD298BDDD3001511C4 /* RMLocation.swift in Sources */,
				898360BA298BDEC7001511C4 /* RMSettingsViewController.swift in Sources */,
				89FDDCD5298BEC3000DDD0E9 /* RMService.swift in Sources */,
				89FDDCD9298BECC800DDD0E9 /* RMEndpoint.swift in Sources */,
				89836094298BDB3F001511C4 /* SceneDelegate.swift in Sources */,
				898360AF298BDDF3001511C4 /* RMCharacter.swift in Sources */,
				898360B4298BDE90001511C4 /* RMCharacterViewController.swift in Sources */,
			);
			runOnlyForDeploymentPostprocessing = 0;
		};
/* End PBXSourcesBuildPhase section */

/* Begin PBXVariantGroup section */
		8983609C298BDB41001511C4 /* LaunchScreen.storyboard */ = {
			isa = PBXVariantGroup;
			children = (
				8983609D298BDB41001511C4 /* Base */,
			);
			name = LaunchScreen.storyboard;
			sourceTree = "<group>";
		};
/* End PBXVariantGroup section */

/* Begin XCBuildConfiguration section */
		898360A0298BDB41001511C4 /* Debug */ = {
			isa = XCBuildConfiguration;
			buildSettings = {
				ALWAYS_SEARCH_USER_PATHS = NO;
				CLANG_ANALYZER_NONNULL = YES;
				CLANG_ANALYZER_NUMBER_OBJECT_CONVERSION = YES_AGGRESSIVE;
				CLANG_CXX_LANGUAGE_STANDARD = "gnu++20";
				CLANG_ENABLE_MODULES = YES;
				CLANG_ENABLE_OBJC_ARC = YES;
				CLANG_ENABLE_OBJC_WEAK = YES;
				CLANG_WARN_BLOCK_CAPTURE_AUTORELEASING = YES;
				CLANG_WARN_BOOL_CONVERSION = YES;
				CLANG_WARN_COMMA = YES;
				CLANG_WARN_CONSTANT_CONVERSION = YES;
				CLANG_WARN_DEPRECATED_OBJC_IMPLEMENTATIONS = YES;
				CLANG_WARN_DIRECT_OBJC_ISA_USAGE = YES_ERROR;
				CLANG_WARN_DOCUMENTATION_COMMENTS = YES;
				CLANG_WARN_EMPTY_BODY = YES;
				CLANG_WARN_ENUM_CONVERSION = YES;
				CLANG_WARN_INFINITE_RECURSION = YES;
				CLANG_WARN_INT_CONVERSION = YES;
				CLANG_WARN_NON_LITERAL_NULL_CONVERSION = YES;
				CLANG_WARN_OBJC_IMPLICIT_RETAIN_SELF = YES;
				CLANG_WARN_OBJC_LITERAL_CONVERSION = YES;
				CLANG_WARN_OBJC_ROOT_CLASS = YES_ERROR;
				CLANG_WARN_QUOTED_INCLUDE_IN_FRAMEWORK_HEADER = YES;
				CLANG_WARN_RANGE_LOOP_ANALYSIS = YES;
				CLANG_WARN_STRICT_PROTOTYPES = YES;
				CLANG_WARN_SUSPICIOUS_MOVE = YES;
				CLANG_WARN_UNGUARDED_AVAILABILITY = YES_AGGRESSIVE;
				CLANG_WARN_UNREACHABLE_CODE = YES;
				CLANG_WARN__DUPLICATE_METHOD_MATCH = YES;
				COPY_PHASE_STRIP = NO;
				DEBUG_INFORMATION_FORMAT = dwarf;
				ENABLE_STRICT_OBJC_MSGSEND = YES;
				ENABLE_TESTABILITY = YES;
				GCC_C_LANGUAGE_STANDARD = gnu11;
				GCC_DYNAMIC_NO_PIC = NO;
				GCC_NO_COMMON_BLOCKS = YES;
				GCC_OPTIMIZATION_LEVEL = 0;
				GCC_PREPROCESSOR_DEFINITIONS = (
					"DEBUG=1",
					"$(inherited)",
				);
				GCC_WARN_64_TO_32_BIT_CONVERSION = YES;
				GCC_WARN_ABOUT_RETURN_TYPE = YES_ERROR;
				GCC_WARN_UNDECLARED_SELECTOR = YES;
				GCC_WARN_UNINITIALIZED_AUTOS = YES_AGGRESSIVE;
				GCC_WARN_UNUSED_FUNCTION = YES;
				GCC_WARN_UNUSED_VARIABLE = YES;
				IPHONEOS_DEPLOYMENT_TARGET = 16.0;
				MTL_ENABLE_DEBUG_INFO = INCLUDE_SOURCE;
				MTL_FAST_MATH = YES;
				ONLY_ACTIVE_ARCH = YES;
				SDKROOT = iphoneos;
				SWIFT_ACTIVE_COMPILATION_CONDITIONS = DEBUG;
				SWIFT_OPTIMIZATION_LEVEL = "-Onone";
			};
			name = Debug;
		};
		898360A1298BDB41001511C4 /* Release */ = {
			isa = XCBuildConfiguration;
			buildSettings = {
				ALWAYS_SEARCH_USER_PATHS = NO;
				CLANG_ANALYZER_NONNULL = YES;
				CLANG_ANALYZER_NUMBER_OBJECT_CONVERSION = YES_AGGRESSIVE;
				CLANG_CXX_LANGUAGE_STANDARD = "gnu++20";
				CLANG_ENABLE_MODULES = YES;
				CLANG_ENABLE_OBJC_ARC = YES;
				CLANG_ENABLE_OBJC_WEAK = YES;
				CLANG_WARN_BLOCK_CAPTURE_AUTORELEASING = YES;
				CLANG_WARN_BOOL_CONVERSION = YES;
				CLANG_WARN_COMMA = YES;
				CLANG_WARN_CONSTANT_CONVERSION = YES;
				CLANG_WARN_DEPRECATED_OBJC_IMPLEMENTATIONS = YES;
				CLANG_WARN_DIRECT_OBJC_ISA_USAGE = YES_ERROR;
				CLANG_WARN_DOCUMENTATION_COMMENTS = YES;
				CLANG_WARN_EMPTY_BODY = YES;
				CLANG_WARN_ENUM_CONVERSION = YES;
				CLANG_WARN_INFINITE_RECURSION = YES;
				CLANG_WARN_INT_CONVERSION = YES;
				CLANG_WARN_NON_LITERAL_NULL_CONVERSION = YES;
				CLANG_WARN_OBJC_IMPLICIT_RETAIN_SELF = YES;
				CLANG_WARN_OBJC_LITERAL_CONVERSION = YES;
				CLANG_WARN_OBJC_ROOT_CLASS = YES_ERROR;
				CLANG_WARN_QUOTED_INCLUDE_IN_FRAMEWORK_HEADER = YES;
				CLANG_WARN_RANGE_LOOP_ANALYSIS = YES;
				CLANG_WARN_STRICT_PROTOTYPES = YES;
				CLANG_WARN_SUSPICIOUS_MOVE = YES;
				CLANG_WARN_UNGUARDED_AVAILABILITY = YES_AGGRESSIVE;
				CLANG_WARN_UNREACHABLE_CODE = YES;
				CLANG_WARN__DUPLICATE_METHOD_MATCH = YES;
				COPY_PHASE_STRIP = NO;
				DEBUG_INFORMATION_FORMAT = "dwarf-with-dsym";
				ENABLE_NS_ASSERTIONS = NO;
				ENABLE_STRICT_OBJC_MSGSEND = YES;
				GCC_C_LANGUAGE_STANDARD = gnu11;
				GCC_NO_COMMON_BLOCKS = YES;
				GCC_WARN_64_TO_32_BIT_CONVERSION = YES;
				GCC_WARN_ABOUT_RETURN_TYPE = YES_ERROR;
				GCC_WARN_UNDECLARED_SELECTOR = YES;
				GCC_WARN_UNINITIALIZED_AUTOS = YES_AGGRESSIVE;
				GCC_WARN_UNUSED_FUNCTION = YES;
				GCC_WARN_UNUSED_VARIABLE = YES;
				IPHONEOS_DEPLOYMENT_TARGET = 16.0;
				MTL_ENABLE_DEBUG_INFO = NO;
				MTL_FAST_MATH = YES;
				SDKROOT = iphoneos;
				SWIFT_COMPILATION_MODE = wholemodule;
				SWIFT_OPTIMIZATION_LEVEL = "-O";
				VALIDATE_PRODUCT = YES;
			};
			name = Release;
		};
		898360A3298BDB41001511C4 /* Debug */ = {
			isa = XCBuildConfiguration;
			buildSettings = {
				ASSETCATALOG_COMPILER_APPICON_NAME = AppIcon;
				ASSETCATALOG_COMPILER_GLOBAL_ACCENT_COLOR_NAME = AccentColor;
				CODE_SIGN_STYLE = Automatic;
				CURRENT_PROJECT_VERSION = 1;
				DEVELOPMENT_TEAM = Q3MFB2HYJJ;
				GENERATE_INFOPLIST_FILE = YES;
				INFOPLIST_FILE = Rick_And_Morty/Info.plist;
				INFOPLIST_KEY_UIApplicationSupportsIndirectInputEvents = YES;
				INFOPLIST_KEY_UILaunchStoryboardName = LaunchScreen;
				INFOPLIST_KEY_UISupportedInterfaceOrientations_iPad = "UIInterfaceOrientationPortrait UIInterfaceOrientationPortraitUpsideDown UIInterfaceOrientationLandscapeLeft UIInterfaceOrientationLandscapeRight";
				INFOPLIST_KEY_UISupportedInterfaceOrientations_iPhone = "UIInterfaceOrientationPortrait UIInterfaceOrientationLandscapeLeft UIInterfaceOrientationLandscapeRight";
				LD_RUNPATH_SEARCH_PATHS = (
					"$(inherited)",
					"@executable_path/Frameworks",
				);
				MARKETING_VERSION = 1.0;
				PRODUCT_BUNDLE_IDENTIFIER = "grizzlyq.Rick-And-Morty";
				PRODUCT_NAME = "$(TARGET_NAME)";
				SWIFT_EMIT_LOC_STRINGS = YES;
				SWIFT_VERSION = 5.0;
				TARGETED_DEVICE_FAMILY = "1,2";
			};
			name = Debug;
		};
		898360A4298BDB41001511C4 /* Release */ = {
			isa = XCBuildConfiguration;
			buildSettings = {
				ASSETCATALOG_COMPILER_APPICON_NAME = AppIcon;
				ASSETCATALOG_COMPILER_GLOBAL_ACCENT_COLOR_NAME = AccentColor;
				CODE_SIGN_STYLE = Automatic;
				CURRENT_PROJECT_VERSION = 1;
				DEVELOPMENT_TEAM = Q3MFB2HYJJ;
				GENERATE_INFOPLIST_FILE = YES;
				INFOPLIST_FILE = Rick_And_Morty/Info.plist;
				INFOPLIST_KEY_UIApplicationSupportsIndirectInputEvents = YES;
				INFOPLIST_KEY_UILaunchStoryboardName = LaunchScreen;
				INFOPLIST_KEY_UISupportedInterfaceOrientations_iPad = "UIInterfaceOrientationPortrait UIInterfaceOrientationPortraitUpsideDown UIInterfaceOrientationLandscapeLeft UIInterfaceOrientationLandscapeRight";
				INFOPLIST_KEY_UISupportedInterfaceOrientations_iPhone = "UIInterfaceOrientationPortrait UIInterfaceOrientationLandscapeLeft UIInterfaceOrientationLandscapeRight";
				LD_RUNPATH_SEARCH_PATHS = (
					"$(inherited)",
					"@executable_path/Frameworks",
				);
				MARKETING_VERSION = 1.0;
				PRODUCT_BUNDLE_IDENTIFIER = "grizzlyq.Rick-And-Morty";
				PRODUCT_NAME = "$(TARGET_NAME)";
				SWIFT_EMIT_LOC_STRINGS = YES;
				SWIFT_VERSION = 5.0;
				TARGETED_DEVICE_FAMILY = "1,2";
			};
			name = Release;
		};
/* End XCBuildConfiguration section */

/* Begin XCConfigurationList section */
		89836089298BDB3F001511C4 /* Build configuration list for PBXProject "Rick_And_Morty" */ = {
			isa = XCConfigurationList;
			buildConfigurations = (
				898360A0298BDB41001511C4 /* Debug */,
				898360A1298BDB41001511C4 /* Release */,
			);
			defaultConfigurationIsVisible = 0;
			defaultConfigurationName = Release;
		};
		898360A2298BDB41001511C4 /* Build configuration list for PBXNativeTarget "Rick_And_Morty" */ = {
			isa = XCConfigurationList;
			buildConfigurations = (
				898360A3298BDB41001511C4 /* Debug */,
				898360A4298BDB41001511C4 /* Release */,
			);
			defaultConfigurationIsVisible = 0;
			defaultConfigurationName = Release;
		};
/* End XCConfigurationList section */
	};
	rootObject = 89836086298BDB3F001511C4 /* Project object */;
}
